{
  "lockfileVersion": 2,
  "configVersion": 1,
  "workspaces": {
    "": {
      "name": "agents-catalog-extensions",
      "dependencies": {
        "@sinclair/typebox": "^0.34.0",
        "yaml": "^2.8.0",
      },
    },
  },
  "packages": {
    "@sinclair/typebox": ["@sinclair/typebox@0.34.52", "", {}, "sha512-XiMQh7qqVlxZzcVD+kkGMNGMzcTrDMLWI7S4x7z1MkCkbDPrekpZXEUK0eZqZFMuHQg2a2DZOcDIh9o5v3Gonw=="],

    "yaml": ["yaml@2.9.1", "", { "bin": { "yaml": "bin.mjs" } }, "sha512-3NxN8+78OdzbT7C/WjGsyfPAtJaN3FNDsWxv7Y7mcDsT/oOmgW8BpyQQFFBnvZE3j9Y2Sdz1ULFLezL7Eb2yFw=="],
  }
}
